
Microsoft Visual Studio Solution File, Format Version 12.00
# Visual Studio 15
Project("{FAE04EC0-301F-11D3-BF4B-00C04F79EFBC}") = "Unity.Timeline", "Unity.Timeline.csproj", "{04181177-7196-5F16-4119-E8FF39D5922C}"
EndProject
Project("{FAE04EC0-301F-11D3-BF4B-00C04F79EFBC}") = "Unity.Timeline.Editor", "Unity.Timeline.Editor.csproj", "{657B1C63-3074-4361-C855-C0910F15D3A6}"
EndProject
Project("{FAE04EC0-301F-11D3-BF4B-00C04F79EFBC}") = "Unity.2D.Tilemap.Editor", "Unity.2D.Tilemap.Editor.csproj", "{CDD0EFFA-251D-0ABF-0F27-FAD19B4A917A}"
EndProject
Project("{FAE04EC0-301F-11D3-BF4B-00C04F79EFBC}") = "Unity.TextMeshPro.Editor", "Unity.TextMeshPro.Editor.csproj", "{5D4E132F-60B3-E680-88B6-EE130AB1E1FB}"
EndProject
Project("{FAE04EC0-301F-11D3-BF4B-00C04F79EFBC}") = "Unity.2D.Aseprite.Editor", "Unity.2D.Aseprite.Editor.csproj", "{F295775F-4205-B338-14CB-B7380DE7C191}"
EndProject
Project("{FAE04EC0-301F-11D3-BF4B-00C04F79EFBC}") = "Unity.VisualScripting.Flow", "Unity.VisualScripting.Flow.csproj", "{D4D9D091-8EAF-6DA6-E903-79944B8E8770}"
EndProject
Project("{FAE04EC0-301F-11D3-BF4B-00C04F79EFBC}") = "UnityEditor.UI", "UnityEditor.UI.csproj", "{1019E045-866C-C10B-5731-C67EB52B49A9}"
EndProject
Project("{FAE04EC0-301F-11D3-BF4B-00C04F79EFBC}") = "Unity.PlasticSCM.Editor", "Unity.PlasticSCM.Editor.csproj", "{EEE8F5C4-F587-BF5D-24A4-832949B7AF14}"
EndProject
Project("{FAE04EC0-301F-11D3-BF4B-00C04F79EFBC}") = "Unity.2D.Psdimporter.Editor", "Unity.2D.Psdimporter.Editor.csproj", "{EC489C69-F393-28E2-3788-75DFFAD437DB}"
EndProject
Project("{FAE04EC0-301F-11D3-BF4B-00C04F79EFBC}") = "Unity.VisualScripting.Core", "Unity.VisualScripting.Core.csproj", "{B261EA80-D095-A09F-419B-035AF76B9712}"
EndProject
Project("{FAE04EC0-301F-11D3-BF4B-00C04F79EFBC}") = "Unity.Mathematics", "Unity.Mathematics.csproj", "{B153A55A-C805-5113-6B73-65145DBD8194}"
EndProject
Project("{FAE04EC0-301F-11D3-BF4B-00C04F79EFBC}") = "Unity.2D.Animation.Editor", "Unity.2D.Animation.Editor.csproj", "{37679041-D928-51B9-45D2-52D8782309A5}"
EndProject
Project("{FAE04EC0-301F-11D3-BF4B-00C04F79EFBC}") = "Unity.2D.Common.Path.Editor", "Unity.2D.Common.Path.Editor.csproj", "{66D90AB2-6BB3-C6EC-3DBC-9B882DCEEA3C}"
EndProject
Project("{FAE04EC0-301F-11D3-BF4B-00C04F79EFBC}") = "Unity.VisualScripting.Core.Editor", "Unity.VisualScripting.Core.Editor.csproj", "{BB965D1C-A6D1-6F63-7C6D-942326CF1A57}"
EndProject
Project("{FAE04EC0-301F-11D3-BF4B-00C04F79EFBC}") = "Unity.2D.IK.Runtime", "Unity.2D.IK.Runtime.csproj", "{D2798DA1-3DF8-A79E-945F-DDC59F50DC6C}"
EndProject
Project("{FAE04EC0-301F-11D3-BF4B-00C04F79EFBC}") = "Unity.VisualScripting.Flow.Editor", "Unity.VisualScripting.Flow.Editor.csproj", "{5B8CBAD2-7BA8-BB08-1370-7A76EE727564}"
EndProject
Project("{FAE04EC0-301F-11D3-BF4B-00C04F79EFBC}") = "UnityEditor.TestRunner", "UnityEditor.TestRunner.csproj", "{A059E5DF-53AE-F8FE-037B-FE5BF940C8D7}"
EndProject
Project("{FAE04EC0-301F-11D3-BF4B-00C04F79EFBC}") = "Unity.VisualScripting.SettingsProvider.Editor", "Unity.VisualScripting.SettingsProvider.Editor.csproj", "{0348BF37-C869-F62C-723F-7A24D4122461}"
EndProject
Project("{FAE04EC0-301F-11D3-BF4B-00C04F79EFBC}") = "UnityEngine.TestRunner", "UnityEngine.TestRunner.csproj", "{E5D0956D-FAAD-19CA-3A2E-E0AAB722CF25}"
EndProject
Project("{FAE04EC0-301F-11D3-BF4B-00C04F79EFBC}") = "PsdPlugin", "PsdPlugin.csproj", "{E880B82C-E11A-356F-C6D9-EE3396BA6C18}"
EndProject
Project("{FAE04EC0-301F-11D3-BF4B-00C04F79EFBC}") = "Unity.Burst", "Unity.Burst.csproj", "{33F70600-D1A7-3168-EA2D-EF8C042A0923}"
EndProject
Project("{FAE04EC0-301F-11D3-BF4B-00C04F79EFBC}") = "Assembly-CSharp", "Assembly-CSharp.csproj", "{0EEBF18E-272D-828E-0FE3-FE5D1E52DE1C}"
EndProject
Project("{FAE04EC0-301F-11D3-BF4B-00C04F79EFBC}") = "UnityEngine.UI", "UnityEngine.UI.csproj", "{41793E7C-A357-4246-4EB9-0DF42E5E2ECF}"
EndProject
Project("{FAE04EC0-301F-11D3-BF4B-00C04F79EFBC}") = "Unity.2D.SpriteShape.Editor", "Unity.2D.SpriteShape.Editor.csproj", "{8949C213-AFE5-0477-4B76-83D6C9F0F2C3}"
EndProject
Project("{FAE04EC0-301F-11D3-BF4B-00C04F79EFBC}") = "Unity.Collections", "Unity.Collections.csproj", "{88A756B8-7306-33BC-D99E-F47D580135CC}"
EndProject
Project("{FAE04EC0-301F-11D3-BF4B-00C04F79EFBC}") = "Unity.VisualStudio.Editor", "Unity.VisualStudio.Editor.csproj", "{32932EFF-F13D-DBFA-197A-E6B89B0B7174}"
EndProject
Project("{FAE04EC0-301F-11D3-BF4B-00C04F79EFBC}") = "Unity.2D.Tilemap.Extras.Editor", "Unity.2D.Tilemap.Extras.Editor.csproj", "{C7BAE9F8-F260-F667-C590-E03805CAF07C}"
EndProject
Project("{FAE04EC0-301F-11D3-BF4B-00C04F79EFBC}") = "Unity.Rider.Editor", "Unity.Rider.Editor.csproj", "{52ACD03D-91F5-25D9-9D69-49299ED4E6FB}"
EndProject
Project("{FAE04EC0-301F-11D3-BF4B-00C04F79EFBC}") = "Unity.InternalAPIEditorBridge.001", "Unity.InternalAPIEditorBridge.001.csproj", "{40022EED-E3BF-2444-A67F-A332E0E8EAEB}"
EndProject
Project("{FAE04EC0-301F-11D3-BF4B-00C04F79EFBC}") = "Unity.2D.SpriteShape.Runtime", "Unity.2D.SpriteShape.Runtime.csproj", "{30559FDC-47EE-9444-CBDE-263D87E64FFB}"
EndProject
Project("{FAE04EC0-301F-11D3-BF4B-00C04F79EFBC}") = "Unity.VisualScripting.State.Editor", "Unity.VisualScripting.State.Editor.csproj", "{7695D4F7-D905-CC98-D639-48461FFCC6A5}"
EndProject
Project("{FAE04EC0-301F-11D3-BF4B-00C04F79EFBC}") = "Unity.2D.Animation.Runtime", "Unity.2D.Animation.Runtime.csproj", "{B143FD86-B2AA-FE4D-BA57-05F306266E1D}"
EndProject
Project("{FAE04EC0-301F-11D3-BF4B-00C04F79EFBC}") = "Unity.Burst.CodeGen", "Unity.Burst.CodeGen.csproj", "{59267D24-3A0E-B731-AC11-7129F6C4DB4A}"
EndProject
Project("{FAE04EC0-301F-11D3-BF4B-00C04F79EFBC}") = "Unity.2D.Tilemap.Extras", "Unity.2D.Tilemap.Extras.csproj", "{CEF16D8B-347C-ADCF-9776-21D5C9EAD731}"
EndProject
Project("{FAE04EC0-301F-11D3-BF4B-00C04F79EFBC}") = "Unity.VisualScripting.State", "Unity.VisualScripting.State.csproj", "{340C5D77-6680-EB15-8F81-04F199588E6A}"
EndProject
Project("{FAE04EC0-301F-11D3-BF4B-00C04F79EFBC}") = "Unity.TextMeshPro", "Unity.TextMeshPro.csproj", "{2DE32DD8-6F73-32CE-558E-D0DF8C1464FB}"
EndProject
Project("{FAE04EC0-301F-11D3-BF4B-00C04F79EFBC}") = "Unity.2D.Aseprite.Common", "Unity.2D.Aseprite.Common.csproj", "{BE4C579D-7630-B6DB-90CA-0AFF5405DC81}"
EndProject
Project("{FAE04EC0-301F-11D3-BF4B-00C04F79EFBC}") = "Unity.2D.IK.Editor", "Unity.2D.IK.Editor.csproj", "{2F47CAF1-522D-A98C-FBA2-C6DC11447328}"
EndProject
Project("{FAE04EC0-301F-11D3-BF4B-00C04F79EFBC}") = "Unity.InternalAPIEngineBridge.001", "Unity.InternalAPIEngineBridge.001.csproj", "{0E298E23-3D4D-98EC-7937-6682CFDC44AD}"
EndProject
Project("{FAE04EC0-301F-11D3-BF4B-00C04F79EFBC}") = "Unity.Burst.Editor", "Unity.Burst.Editor.csproj", "{1F8B886D-047A-2517-0E02-C8585F34836D}"
EndProject
Project("{FAE04EC0-301F-11D3-BF4B-00C04F79EFBC}") = "Unity.2D.Common.Editor", "Unity.2D.Common.Editor.csproj", "{3D7881C2-5357-FA91-7BBE-74C8E8175993}"
EndProject
Project("{FAE04EC0-301F-11D3-BF4B-00C04F79EFBC}") = "Unity.2D.Sprite.Editor", "Unity.2D.Sprite.Editor.csproj", "{39885B10-A602-01C5-BC4F-073D2E840641}"
EndProject
Project("{FAE04EC0-301F-11D3-BF4B-00C04F79EFBC}") = "Unity.2D.PixelPerfect", "Unity.2D.PixelPerfect.csproj", "{CAE8A7B4-9606-7166-CC23-2E6D0C6964E0}"
EndProject
Project("{FAE04EC0-301F-11D3-BF4B-00C04F79EFBC}") = "Unity.2D.PixelPerfect.Editor", "Unity.2D.PixelPerfect.Editor.csproj", "{4820C2CA-6867-65CE-BA7E-0B9C29B18E78}"
EndProject
Project("{FAE04EC0-301F-11D3-BF4B-00C04F79EFBC}") = "Unity.2D.Common.Runtime", "Unity.2D.Common.Runtime.csproj", "{8D34B2B7-5DC0-FA3E-2875-B9E2FB97B9F3}"
EndProject
Project("{FAE04EC0-301F-11D3-BF4B-00C04F79EFBC}") = "Unity.Mathematics.Editor", "Unity.Mathematics.Editor.csproj", "{2F243B10-C5B1-B6D0-7DDB-0E96DFA590E5}"
EndProject
Project("{FAE04EC0-301F-11D3-BF4B-00C04F79EFBC}") = "Unity.Collections.BurstCompatibilityGen", "Unity.Collections.BurstCompatibilityGen.csproj", "{A2F44DAF-5D5D-15AC-A47A-FAA052CCEEAA}"
EndProject
Project("{FAE04EC0-301F-11D3-BF4B-00C04F79EFBC}") = "Unity.VisualScripting.Shared.Editor", "Unity.VisualScripting.Shared.Editor.csproj", "{EA9A7161-2D3D-D5AA-D2A3-DB11A22F85C6}"
EndProject
Project("{FAE04EC0-301F-11D3-BF4B-00C04F79EFBC}") = "Unity.Collections.DocCodeSamples", "Unity.Collections.DocCodeSamples.csproj", "{5EED4AB8-EB5B-DFA5-9575-82403BB76F25}"
EndProject
Project("{FAE04EC0-301F-11D3-BF4B-00C04F79EFBC}") = "Unity.CollabProxy.Editor", "Unity.CollabProxy.Editor.csproj", "{AB37F069-5326-6C3C-CBC5-EF3EEE8F5990}"
EndProject
Global
	GlobalSection(SolutionConfigurationPlatforms) = preSolution
		Debug|Any CPU = Debug|Any CPU
		Release|Any CPU = Release|Any CPU
	EndGlobalSection
	GlobalSection(ProjectConfigurationPlatforms) = postSolution
		{04181177-7196-5F16-4119-E8FF39D5922C}.Debug|Any CPU.ActiveCfg = Debug|Any CPU
		{04181177-7196-5F16-4119-E8FF39D5922C}.Debug|Any CPU.Build.0 = Debug|Any CPU
		{04181177-7196-5F16-4119-E8FF39D5922C}.Release|Any CPU.ActiveCfg = Release|Any CPU
		{04181177-7196-5F16-4119-E8FF39D5922C}.Release|Any CPU.Build.0 = Release|Any CPU
		{657B1C63-3074-4361-C855-C0910F15D3A6}.Debug|Any CPU.ActiveCfg = Debug|Any CPU
		{657B1C63-3074-4361-C855-C0910F15D3A6}.Debug|Any CPU.Build.0 = Debug|Any CPU
		{657B1C63-3074-4361-C855-C0910F15D3A6}.Release|Any CPU.ActiveCfg = Release|Any CPU
		{657B1C63-3074-4361-C855-C0910F15D3A6}.Release|Any CPU.Build.0 = Release|Any CPU
		{CDD0EFFA-251D-0ABF-0F27-FAD19B4A917A}.Debug|Any CPU.ActiveCfg = Debug|Any CPU
		{CDD0EFFA-251D-0ABF-0F27-FAD19B4A917A}.Debug|Any CPU.Build.0 = Debug|Any CPU
		{CDD0EFFA-251D-0ABF-0F27-FAD19B4A917A}.Release|Any CPU.ActiveCfg = Release|Any CPU
		{CDD0EFFA-251D-0ABF-0F27-FAD19B4A917A}.Release|Any CPU.Build.0 = Release|Any CPU
		{5D4E132F-60B3-E680-88B6-EE130AB1E1FB}.Debug|Any CPU.ActiveCfg = Debug|Any CPU
		{5D4E132F-60B3-E680-88B6-EE130AB1E1FB}.Debug|Any CPU.Build.0 = Debug|Any CPU
		{5D4E132F-60B3-E680-88B6-EE130AB1E1FB}.Release|Any CPU.ActiveCfg = Release|Any CPU
		{5D4E132F-60B3-E680-88B6-EE130AB1E1FB}.Release|Any CPU.Build.0 = Release|Any CPU
		{F295775F-4205-B338-14CB-B7380DE7C191}.Debug|Any CPU.ActiveCfg = Debug|Any CPU
		{F295775F-4205-B338-14CB-B7380DE7C191}.Debug|Any CPU.Build.0 = Debug|Any CPU
		{F295775F-4205-B338-14CB-B7380DE7C191}.Release|Any CPU.ActiveCfg = Release|Any CPU
		{F295775F-4205-B338-14CB-B7380DE7C191}.Release|Any CPU.Build.0 = Release|Any CPU
		{D4D9D091-8EAF-6DA6-E903-79944B8E8770}.Debug|Any CPU.ActiveCfg = Debug|Any CPU
		{D4D9D091-8EAF-6DA6-E903-79944B8E8770}.Debug|Any CPU.Build.0 = Debug|Any CPU
		{D4D9D091-8EAF-6DA6-E903-79944B8E8770}.Release|Any CPU.ActiveCfg = Release|Any CPU
		{D4D9D091-8EAF-6DA6-E903-79944B8E8770}.Release|Any CPU.Build.0 = Release|Any CPU
		{1019E045-866C-C10B-5731-C67EB52B49A9}.Debug|Any CPU.ActiveCfg = Debug|Any CPU
		{1019E045-866C-C10B-5731-C67EB52B49A9}.Debug|Any CPU.Build.0 = Debug|Any CPU
		{1019E045-866C-C10B-5731-C67EB52B49A9}.Release|Any CPU.ActiveCfg = Release|Any CPU
		{1019E045-866C-C10B-5731-C67EB52B49A9}.Release|Any CPU.Build.0 = Release|Any CPU
		{EEE8F5C4-F587-BF5D-24A4-832949B7AF14}.Debug|Any CPU.ActiveCfg = Debug|Any CPU
		{EEE8F5C4-F587-BF5D-24A4-832949B7AF14}.Debug|Any CPU.Build.0 = Debug|Any CPU
		{EEE8F5C4-F587-BF5D-24A4-832949B7AF14}.Release|Any CPU.ActiveCfg = Release|Any CPU
		{EEE8F5C4-F587-BF5D-24A4-832949B7AF14}.Release|Any CPU.Build.0 = Release|Any CPU
		{EC489C69-F393-28E2-3788-75DFFAD437DB}.Debug|Any CPU.ActiveCfg = Debug|Any CPU
		{EC489C69-F393-28E2-3788-75DFFAD437DB}.Debug|Any CPU.Build.0 = Debug|Any CPU
		{EC489C69-F393-28E2-3788-75DFFAD437DB}.Release|Any CPU.ActiveCfg = Release|Any CPU
		{EC489C69-F393-28E2-3788-75DFFAD437DB}.Release|Any CPU.Build.0 = Release|Any CPU
		{B261EA80-D095-A09F-419B-035AF76B9712}.Debug|Any CPU.ActiveCfg = Debug|Any CPU
		{B261EA80-D095-A09F-419B-035AF76B9712}.Debug|Any CPU.Build.0 = Debug|Any CPU
		{B261EA80-D095-A09F-419B-035AF76B9712}.Release|Any CPU.ActiveCfg = Release|Any CPU
		{B261EA80-D095-A09F-419B-035AF76B9712}.Release|Any CPU.Build.0 = Release|Any CPU
		{B153A55A-C805-5113-6B73-65145DBD8194}.Debug|Any CPU.ActiveCfg = Debug|Any CPU
		{B153A55A-C805-5113-6B73-65145DBD8194}.Debug|Any CPU.Build.0 = Debug|Any CPU
		{B153A55A-C805-5113-6B73-65145DBD8194}.Release|Any CPU.ActiveCfg = Release|Any CPU
		{B153A55A-C805-5113-6B73-65145DBD8194}.Release|Any CPU.Build.0 = Release|Any CPU
		{37679041-D928-51B9-45D2-52D8782309A5}.Debug|Any CPU.ActiveCfg = Debug|Any CPU
		{37679041-D928-51B9-45D2-52D8782309A5}.Debug|Any CPU.Build.0 = Debug|Any CPU
		{37679041-D928-51B9-45D2-52D8782309A5}.Release|Any CPU.ActiveCfg = Release|Any CPU
		{37679041-D928-51B9-45D2-52D8782309A5}.Release|Any CPU.Build.0 = Release|Any CPU
		{66D90AB2-6BB3-C6EC-3DBC-9B882DCEEA3C}.Debug|Any CPU.ActiveCfg = Debug|Any CPU
		{66D90AB2-6BB3-C6EC-3DBC-9B882DCEEA3C}.Debug|Any CPU.Build.0 = Debug|Any CPU
		{66D90AB2-6BB3-C6EC-3DBC-9B882DCEEA3C}.Release|Any CPU.ActiveCfg = Release|Any CPU
		{66D90AB2-6BB3-C6EC-3DBC-9B882DCEEA3C}.Release|Any CPU.Build.0 = Release|Any CPU
		{BB965D1C-A6D1-6F63-7C6D-942326CF1A57}.Debug|Any CPU.ActiveCfg = Debug|Any CPU
		{BB965D1C-A6D1-6F63-7C6D-942326CF1A57}.Debug|Any CPU.Build.0 = Debug|Any CPU
		{BB965D1C-A6D1-6F63-7C6D-942326CF1A57}.Release|Any CPU.ActiveCfg = Release|Any CPU
		{BB965D1C-A6D1-6F63-7C6D-942326CF1A57}.Release|Any CPU.Build.0 = Release|Any CPU
		{D2798DA1-3DF8-A79E-945F-DDC59F50DC6C}.Debug|Any CPU.ActiveCfg = Debug|Any CPU
		{D2798DA1-3DF8-A79E-945F-DDC59F50DC6C}.Debug|Any CPU.Build.0 = Debug|Any CPU
		{D2798DA1-3DF8-A79E-945F-DDC59F50DC6C}.Release|Any CPU.ActiveCfg = Release|Any CPU
		{D2798DA1-3DF8-A79E-945F-DDC59F50DC6C}.Release|Any CPU.Build.0 = Release|Any CPU
		{5B8CBAD2-7BA8-BB08-1370-7A76EE727564}.Debug|Any CPU.ActiveCfg = Debug|Any CPU
		{5B8CBAD2-7BA8-BB08-1370-7A76EE727564}.Debug|Any CPU.Build.0 = Debug|Any CPU
		{5B8CBAD2-7BA8-BB08-1370-7A76EE727564}.Release|Any CPU.ActiveCfg = Release|Any CPU
		{5B8CBAD2-7BA8-BB08-1370-7A76EE727564}.Release|Any CPU.Build.0 = Release|Any CPU
		{A059E5DF-53AE-F8FE-037B-FE5BF940C8D7}.Debug|Any CPU.ActiveCfg = Debug|Any CPU
		{A059E5DF-53AE-F8FE-037B-FE5BF940C8D7}.Debug|Any CPU.Build.0 = Debug|Any CPU
		{A059E5DF-53AE-F8FE-037B-FE5BF940C8D7}.Release|Any CPU.ActiveCfg = Release|Any CPU
		{A059E5DF-53AE-F8FE-037B-FE5BF940C8D7}.Release|Any CPU.Build.0 = Release|Any CPU
		{0348BF37-C869-F62C-723F-7A24D4122461}.Debug|Any CPU.ActiveCfg = Debug|Any CPU
		{0348BF37-C869-F62C-723F-7A24D4122461}.Debug|Any CPU.Build.0 = Debug|Any CPU
		{0348BF37-C869-F62C-723F-7A24D4122461}.Release|Any CPU.ActiveCfg = Release|Any CPU
		{0348BF37-C869-F62C-723F-7A24D4122461}.Release|Any CPU.Build.0 = Release|Any CPU
		{E5D0956D-FAAD-19CA-3A2E-E0AAB722CF25}.Debug|Any CPU.ActiveCfg = Debug|Any CPU
		{E5D0956D-FAAD-19CA-3A2E-E0AAB722CF25}.Debug|Any CPU.Build.0 = Debug|Any CPU
		{E5D0956D-FAAD-19CA-3A2E-E0AAB722CF25}.Release|Any CPU.ActiveCfg = Release|Any CPU
		{E5D0956D-FAAD-19CA-3A2E-E0AAB722CF25}.Release|Any CPU.Build.0 = Release|Any CPU
		{E880B82C-E11A-356F-C6D9-EE3396BA6C18}.Debug|Any CPU.ActiveCfg = Debug|Any CPU
		{E880B82C-E11A-356F-C6D9-EE3396BA6C18}.Debug|Any CPU.Build.0 = Debug|Any CPU
		{E880B82C-E11A-356F-C6D9-EE3396BA6C18}.Release|Any CPU.ActiveCfg = Release|Any CPU
		{E880B82C-E11A-356F-C6D9-EE3396BA6C18}.Release|Any CPU.Build.0 = Release|Any CPU
		{33F70600-D1A7-3168-EA2D-EF8C042A0923}.Debug|Any CPU.ActiveCfg = Debug|Any CPU
		{33F70600-D1A7-3168-EA2D-EF8C042A0923}.Debug|Any CPU.Build.0 = Debug|Any CPU
		{33F70600-D1A7-3168-EA2D-EF8C042A0923}.Release|Any CPU.ActiveCfg = Release|Any CPU
		{33F70600-D1A7-3168-EA2D-EF8C042A0923}.Release|Any CPU.Build.0 = Release|Any CPU
		{0EEBF18E-272D-828E-0FE3-FE5D1E52DE1C}.Debug|Any CPU.ActiveCfg = Debug|Any CPU
		{0EEBF18E-272D-828E-0FE3-FE5D1E52DE1C}.Debug|Any CPU.Build.0 = Debug|Any CPU
		{0EEBF18E-272D-828E-0FE3-FE5D1E52DE1C}.Release|Any CPU.ActiveCfg = Release|Any CPU
		{0EEBF18E-272D-828E-0FE3-FE5D1E52DE1C}.Release|Any CPU.Build.0 = Release|Any CPU
		{41793E7C-A357-4246-4EB9-0DF42E5E2ECF}.Debug|Any CPU.ActiveCfg = Debug|Any CPU
		{41793E7C-A357-4246-4EB9-0DF42E5E2ECF}.Debug|Any CPU.Build.0 = Debug|Any CPU
		{41793E7C-A357-4246-4EB9-0DF42E5E2ECF}.Release|Any CPU.ActiveCfg = Release|Any CPU
		{41793E7C-A357-4246-4EB9-0DF42E5E2ECF}.Release|Any CPU.Build.0 = Release|Any CPU
		{8949C213-AFE5-0477-4B76-83D6C9F0F2C3}.Debug|Any CPU.ActiveCfg = Debug|Any CPU
		{8949C213-AFE5-0477-4B76-83D6C9F0F2C3}.Debug|Any CPU.Build.0 = Debug|Any CPU
		{8949C213-AFE5-0477-4B76-83D6C9F0F2C3}.Release|Any CPU.ActiveCfg = Release|Any CPU
		{8949C213-AFE5-0477-4B76-83D6C9F0F2C3}.Release|Any CPU.Build.0 = Release|Any CPU
		{88A756B8-7306-33BC-D99E-F47D580135CC}.Debug|Any CPU.ActiveCfg = Debug|Any CPU
		{88A756B8-7306-33BC-D99E-F47D580135CC}.Debug|Any CPU.Build.0 = Debug|Any CPU
		{88A756B8-7306-33BC-D99E-F47D580135CC}.Release|Any CPU.ActiveCfg = Release|Any CPU
		{88A756B8-7306-33BC-D99E-F47D580135CC}.Release|Any CPU.Build.0 = Release|Any CPU
		{32932EFF-F13D-DBFA-197A-E6B89B0B7174}.Debug|Any CPU.ActiveCfg = Debug|Any CPU
		{32932EFF-F13D-DBFA-197A-E6B89B0B7174}.Debug|Any CPU.Build.0 = Debug|Any CPU
		{32932EFF-F13D-DBFA-197A-E6B89B0B7174}.Release|Any CPU.ActiveCfg = Release|Any CPU
		{32932EFF-F13D-DBFA-197A-E6B89B0B7174}.Release|Any CPU.Build.0 = Release|Any CPU
		{C7BAE9F8-F260-F667-C590-E03805CAF07C}.Debug|Any CPU.ActiveCfg = Debug|Any CPU
		{C7BAE9F8-F260-F667-C590-E03805CAF07C}.Debug|Any CPU.Build.0 = Debug|Any CPU
		{C7BAE9F8-F260-F667-C590-E03805CAF07C}.Release|Any CPU.ActiveCfg = Release|Any CPU
		{C7BAE9F8-F260-F667-C590-E03805CAF07C}.Release|Any CPU.Build.0 = Release|Any CPU
		{52ACD03D-91F5-25D9-9D69-49299ED4E6FB}.Debug|Any CPU.ActiveCfg = Debug|Any CPU
		{52ACD03D-91F5-25D9-9D69-49299ED4E6FB}.Debug|Any CPU.Build.0 = Debug|Any CPU
		{52ACD03D-91F5-25D9-9D69-49299ED4E6FB}.Release|Any CPU.ActiveCfg = Release|Any CPU
		{52ACD03D-91F5-25D9-9D69-49299ED4E6FB}.Release|Any CPU.Build.0 = Release|Any CPU
		{40022EED-E3BF-2444-A67F-A332E0E8EAEB}.Debug|Any CPU.ActiveCfg = Debug|Any CPU
		{40022EED-E3BF-2444-A67F-A332E0E8EAEB}.Debug|Any CPU.Build.0 = Debug|Any CPU
		{40022EED-E3BF-2444-A67F-A332E0E8EAEB}.Release|Any CPU.ActiveCfg = Release|Any CPU
		{40022EED-E3BF-2444-A67F-A332E0E8EAEB}.Release|Any CPU.Build.0 = Release|Any CPU
		{30559FDC-47EE-9444-CBDE-263D87E64FFB}.Debug|Any CPU.ActiveCfg = Debug|Any CPU
		{30559FDC-47EE-9444-CBDE-263D87E64FFB}.Debug|Any CPU.Build.0 = Debug|Any CPU
		{30559FDC-47EE-9444-CBDE-263D87E64FFB}.Release|Any CPU.ActiveCfg = Release|Any CPU
		{30559FDC-47EE-9444-CBDE-263D87E64FFB}.Release|Any CPU.Build.0 = Release|Any CPU
		{7695D4F7-D905-CC98-D639-48461FFCC6A5}.Debug|Any CPU.ActiveCfg = Debug|Any CPU
		{7695D4F7-D905-CC98-D639-48461FFCC6A5}.Debug|Any CPU.Build.0 = Debug|Any CPU
		{7695D4F7-D905-CC98-D639-48461FFCC6A5}.Release|Any CPU.ActiveCfg = Release|Any CPU
		{7695D4F7-D905-CC98-D639-48461FFCC6A5}.Release|Any CPU.Build.0 = Release|Any CPU
		{B143FD86-B2AA-FE4D-BA57-05F306266E1D}.Debug|Any CPU.ActiveCfg = Debug|Any CPU
		{B143FD86-B2AA-FE4D-BA57-05F306266E1D}.Debug|Any CPU.Build.0 = Debug|Any CPU
		{B143FD86-B2AA-FE4D-BA57-05F306266E1D}.Release|Any CPU.ActiveCfg = Release|Any CPU
		{B143FD86-B2AA-FE4D-BA57-05F306266E1D}.Release|Any CPU.Build.0 = Release|Any CPU
		{59267D24-3A0E-B731-AC11-7129F6C4DB4A}.Debug|Any CPU.ActiveCfg = Debug|Any CPU
		{59267D24-3A0E-B731-AC11-7129F6C4DB4A}.Debug|Any CPU.Build.0 = Debug|Any CPU
		{59267D24-3A0E-B731-AC11-7129F6C4DB4A}.Release|Any CPU.ActiveCfg = Release|Any CPU
		{59267D24-3A0E-B731-AC11-7129F6C4DB4A}.Release|Any CPU.Build.0 = Release|Any CPU
		{CEF16D8B-347C-ADCF-9776-21D5C9EAD731}.Debug|Any CPU.ActiveCfg = Debug|Any CPU
		{CEF16D8B-347C-ADCF-9776-21D5C9EAD731}.Debug|Any CPU.Build.0 = Debug|Any CPU
		{CEF16D8B-347C-ADCF-9776-21D5C9EAD731}.Release|Any CPU.ActiveCfg = Release|Any CPU
		{CEF16D8B-347C-ADCF-9776-21D5C9EAD731}.Release|Any CPU.Build.0 = Release|Any CPU
		{340C5D77-6680-EB15-8F81-04F199588E6A}.Debug|Any CPU.ActiveCfg = Debug|Any CPU
		{340C5D77-6680-EB15-8F81-04F199588E6A}.Debug|Any CPU.Build.0 = Debug|Any CPU
		{340C5D77-6680-EB15-8F81-04F199588E6A}.Release|Any CPU.ActiveCfg = Release|Any CPU
		{340C5D77-6680-EB15-8F81-04F199588E6A}.Release|Any CPU.Build.0 = Release|Any CPU
		{2DE32DD8-6F73-32CE-558E-D0DF8C1464FB}.Debug|Any CPU.ActiveCfg = Debug|Any CPU
		{2DE32DD8-6F73-32CE-558E-D0DF8C1464FB}.Debug|Any CPU.Build.0 = Debug|Any CPU
		{2DE32DD8-6F73-32CE-558E-D0DF8C1464FB}.Release|Any CPU.ActiveCfg = Release|Any CPU
		{2DE32DD8-6F73-32CE-558E-D0DF8C1464FB}.Release|Any CPU.Build.0 = Release|Any CPU
		{BE4C579D-7630-B6DB-90CA-0AFF5405DC81}.Debug|Any CPU.ActiveCfg = Debug|Any CPU
		{BE4C579D-7630-B6DB-90CA-0AFF5405DC81}.Debug|Any CPU.Build.0 = Debug|Any CPU
		{BE4C579D-7630-B6DB-90CA-0AFF5405DC81}.Release|Any CPU.ActiveCfg = Release|Any CPU
		{BE4C579D-7630-B6DB-90CA-0AFF5405DC81}.Release|Any CPU.Build.0 = Release|Any CPU
		{2F47CAF1-522D-A98C-FBA2-C6DC11447328}.Debug|Any CPU.ActiveCfg = Debug|Any CPU
		{2F47CAF1-522D-A98C-FBA2-C6DC11447328}.Debug|Any CPU.Build.0 = Debug|Any CPU
		{2F47CAF1-522D-A98C-FBA2-C6DC11447328}.Release|Any CPU.ActiveCfg = Release|Any CPU
		{2F47CAF1-522D-A98C-FBA2-C6DC11447328}.Release|Any CPU.Build.0 = Release|Any CPU
		{0E298E23-3D4D-98EC-7937-6682CFDC44AD}.Debug|Any CPU.ActiveCfg = Debug|Any CPU
		{0E298E23-3D4D-98EC-7937-6682CFDC44AD}.Debug|Any CPU.Build.0 = Debug|Any CPU
		{0E298E23-3D4D-98EC-7937-6682CFDC44AD}.Release|Any CPU.ActiveCfg = Release|Any CPU
		{0E298E23-3D4D-98EC-7937-6682CFDC44AD}.Release|Any CPU.Build.0 = Release|Any CPU
		{1F8B886D-047A-2517-0E02-C8585F34836D}.Debug|Any CPU.ActiveCfg = Debug|Any CPU
		{1F8B886D-047A-2517-0E02-C8585F34836D}.Debug|Any CPU.Build.0 = Debug|Any CPU
		{1F8B886D-047A-2517-0E02-C8585F34836D}.Release|Any CPU.ActiveCfg = Release|Any CPU
		{1F8B886D-047A-2517-0E02-C8585F34836D}.Release|Any CPU.Build.0 = Release|Any CPU
		{3D7881C2-5357-FA91-7BBE-74C8E8175993}.Debug|Any CPU.ActiveCfg = Debug|Any CPU
		{3D7881C2-5357-FA91-7BBE-74C8E8175993}.Debug|Any CPU.Build.0 = Debug|Any CPU
		{3D7881C2-5357-FA91-7BBE-74C8E8175993}.Release|Any CPU.ActiveCfg = Release|Any CPU
		{3D7881C2-5357-FA91-7BBE-74C8E8175993}.Release|Any CPU.Build.0 = Release|Any CPU
		{39885B10-A602-01C5-BC4F-073D2E840641}.Debug|Any CPU.ActiveCfg = Debug|Any CPU
		{39885B10-A602-01C5-BC4F-073D2E840641}.Debug|Any CPU.Build.0 = Debug|Any CPU
		{39885B10-A602-01C5-BC4F-073D2E840641}.Release|Any CPU.ActiveCfg = Release|Any CPU
		{39885B10-A602-01C5-BC4F-073D2E840641}.Release|Any CPU.Build.0 = Release|Any CPU
		{CAE8A7B4-9606-7166-CC23-2E6D0C6964E0}.Debug|Any CPU.ActiveCfg = Debug|Any CPU
		{CAE8A7B4-9606-7166-CC23-2E6D0C6964E0}.Debug|Any CPU.Build.0 = Debug|Any CPU
		{CAE8A7B4-9606-7166-CC23-2E6D0C6964E0}.Release|Any CPU.ActiveCfg = Release|Any CPU
		{CAE8A7B4-9606-7166-CC23-2E6D0C6964E0}.Release|Any CPU.Build.0 = Release|Any CPU
		{4820C2CA-6867-65CE-BA7E-0B9C29B18E78}.Debug|Any CPU.ActiveCfg = Debug|Any CPU
		{4820C2CA-6867-65CE-BA7E-0B9C29B18E78}.Debug|Any CPU.Build.0 = Debug|Any CPU
		{4820C2CA-6867-65CE-BA7E-0B9C29B18E78}.Release|Any CPU.ActiveCfg = Release|Any CPU
		{4820C2CA-6867-65CE-BA7E-0B9C29B18E78}.Release|Any CPU.Build.0 = Release|Any CPU
		{8D34B2B7-5DC0-FA3E-2875-B9E2FB97B9F3}.Debug|Any CPU.ActiveCfg = Debug|Any CPU
		{8D34B2B7-5DC0-FA3E-2875-B9E2FB97B9F3}.Debug|Any CPU.Build.0 = Debug|Any CPU
		{8D34B2B7-5DC0-FA3E-2875-B9E2FB97B9F3}.Release|Any CPU.ActiveCfg = Release|Any CPU
		{8D34B2B7-5DC0-FA3E-2875-B9E2FB97B9F3}.Release|Any CPU.Build.0 = Release|Any CPU
		{2F243B10-C5B1-B6D0-7DDB-0E96DFA590E5}.Debug|Any CPU.ActiveCfg = Debug|Any CPU
		{2F243B10-C5B1-B6D0-7DDB-0E96DFA590E5}.Debug|Any CPU.Build.0 = Debug|Any CPU
		{2F243B10-C5B1-B6D0-7DDB-0E96DFA590E5}.Release|Any CPU.ActiveCfg = Release|Any CPU
		{2F243B10-C5B1-B6D0-7DDB-0E96DFA590E5}.Release|Any CPU.Build.0 = Release|Any CPU
		{A2F44DAF-5D5D-15AC-A47A-FAA052CCEEAA}.Debug|Any CPU.ActiveCfg = Debug|Any CPU
		{A2F44DAF-5D5D-15AC-A47A-FAA052CCEEAA}.Debug|Any CPU.Build.0 = Debug|Any CPU
		{A2F44DAF-5D5D-15AC-A47A-FAA052CCEEAA}.Release|Any CPU.ActiveCfg = Release|Any CPU
		{A2F44DAF-5D5D-15AC-A47A-FAA052CCEEAA}.Release|Any CPU.Build.0 = Release|Any CPU
		{EA9A7161-2D3D-D5AA-D2A3-DB11A22F85C6}.Debug|Any CPU.ActiveCfg = Debug|Any CPU
		{EA9A7161-2D3D-D5AA-D2A3-DB11A22F85C6}.Debug|Any CPU.Build.0 = Debug|Any CPU
		{EA9A7161-2D3D-D5AA-D2A3-DB11A22F85C6}.Release|Any CPU.ActiveCfg = Release|Any CPU
		{EA9A7161-2D3D-D5AA-D2A3-DB11A22F85C6}.Release|Any CPU.Build.0 = Release|Any CPU
		{5EED4AB8-EB5B-DFA5-9575-82403BB76F25}.Debug|Any CPU.ActiveCfg = Debug|Any CPU
		{5EED4AB8-EB5B-DFA5-9575-82403BB76F25}.Debug|Any CPU.Build.0 = Debug|Any CPU
		{5EED4AB8-EB5B-DFA5-9575-82403BB76F25}.Release|Any CPU.ActiveCfg = Release|Any CPU
		{5EED4AB8-EB5B-DFA5-9575-82403BB76F25}.Release|Any CPU.Build.0 = Release|Any CPU
		{AB37F069-5326-6C3C-CBC5-EF3EEE8F5990}.Debug|Any CPU.ActiveCfg = Debug|Any CPU
		{AB37F069-5326-6C3C-CBC5-EF3EEE8F5990}.Debug|Any CPU.Build.0 = Debug|Any CPU
		{AB37F069-5326-6C3C-CBC5-EF3EEE8F5990}.Release|Any CPU.ActiveCfg = Release|Any CPU
		{AB37F069-5326-6C3C-CBC5-EF3EEE8F5990}.Release|Any CPU.Build.0 = Release|Any CPU
	EndGlobalSection
	GlobalSection(SolutionProperties) = preSolution
		HideSolutionNode = FALSE
	EndGlobalSection
EndGlobal
